// !$*UTF8*$!
{
	archiveVersion = 1;
	classes = {
	};
	objectVersion = 56;
	objects = {

/* Begin PBXBuildFile section */
		477638332AFA32FB0090B539 /* ParkingStatusTableViewCell.swift in Sources */ = {isa = PBXBuildFile; fileRef = 477638322AFA32FB0090B539 /* ParkingStatusTableViewCell.swift */; };
		477638372AFE119F0090B539 /* LabelListStackView.swift in Sources */ = {isa = PBXBuildFile; fileRef = 477638362AFE119F0090B539 /* LabelListStackView.swift */; };
		477CAEE42AD3E8F600470F0F /* CarCountCollectionViewCell.swift in Sources */ = {isa = PBXBuildFile; fileRef = 477CAEE22AD3E8F600470F0F /* CarCountCollectionViewCell.swift */; };
		477CAEE52AD3E8F600470F0F /* CarCountCollectionViewFlowLayout.swift in Sources */ = {isa = PBXBuildFile; fileRef = 477CAEE32AD3E8F600470F0F /* CarCountCollectionViewFlowLayout.swift */; };
		477CAEE82AD3F6BA00470F0F /* SearchViewController.swift in Sources */ = {isa = PBXBuildFile; fileRef = 477CAEE72AD3F6BA00470F0F /* SearchViewController.swift */; };
		477CAEEB2AD400B200470F0F /* SettingViewController.swift in Sources */ = {isa = PBXBuildFile; fileRef = 477CAEEA2AD400B200470F0F /* SettingViewController.swift */; };
		477CAEF02AD538F600470F0F /* NearAreaCollectionViewCell.swift in Sources */ = {isa = PBXBuildFile; fileRef = 477CAEEF2AD538F600470F0F /* NearAreaCollectionViewCell.swift */; };
		477CAEFB2AD80EE000470F0F /* SearchResultsController.swift in Sources */ = {isa = PBXBuildFile; fileRef = 477CAEFA2AD80EE000470F0F /* SearchResultsController.swift */; };
		478750082AB9B086003E7F6A /* SceneDelegate.swift in Sources */ = {isa = PBXBuildFile; fileRef = 478750072AB9B086003E7F6A /* SceneDelegate.swift */; };
		4787502A2ABC8232003E7F6A /* ParkingManager.swift in Sources */ = {isa = PBXBuildFile; fileRef = 478750292ABC8232003E7F6A /* ParkingManager.swift */; };
		4787502C2ABC8E74003E7F6A /* ParkingData.swift in Sources */ = {isa = PBXBuildFile; fileRef = 4787502B2ABC8E74003E7F6A /* ParkingData.swift */; };
		478750302ABEE291003E7F6A /* ViewController.swift in Sources */ = {isa = PBXBuildFile; fileRef = 4787502F2ABEE291003E7F6A /* ViewController.swift */; };
		478750332ABEE29C003E7F6A /* SearchBar.swift in Sources */ = {isa = PBXBuildFile; fileRef = 478750322ABEE29C003E7F6A /* SearchBar.swift */; };
		478750362ABEE34A003E7F6A /* LaunchScreen.storyboard in Resources */ = {isa = PBXBuildFile; fileRef = 478750352ABEE34A003E7F6A /* LaunchScreen.storyboard */; };
		478750382ABEE5FF003E7F6A /* Assets.xcassets in Resources */ = {isa = PBXBuildFile; fileRef = 478750372ABEE5FF003E7F6A /* Assets.xcassets */; };
		4787503B2ABEF1B3003E7F6A /* SnapKit in Frameworks */ = {isa = PBXBuildFile; productRef = 4787503A2ABEF1B3003E7F6A /* SnapKit */; };
		4787503D2AC02A19003E7F6A /* CarCountView.swift in Sources */ = {isa = PBXBuildFile; fileRef = 4787503C2AC02A19003E7F6A /* CarCountView.swift */; };
		4787503F2AC03636003E7F6A /* Car.swift in Sources */ = {isa = PBXBuildFile; fileRef = 4787503E2AC03636003E7F6A /* Car.swift */; };
		478750452AC0964C003E7F6A /* ParkingInfo.plist in Resources */ = {isa = PBXBuildFile; fileRef = 478750442AC0964C003E7F6A /* ParkingInfo.plist */; };
		478750482AC096DD003E7F6A /* ServiceAreaParkingStatus++Bundle.swift in Sources */ = {isa = PBXBuildFile; fileRef = 478750472AC096DD003E7F6A /* ServiceAreaParkingStatus++Bundle.swift */; };
		47B0C10A2ACD5F0600F27E41 /* AppDelegate.swift in Sources */ = {isa = PBXBuildFile; fileRef = 47B0C1092ACD5F0600F27E41 /* AppDelegate.swift */; };
		47B46B1E2AF7D2FA00DC0958 /* ColorExtension.swift in Sources */ = {isa = PBXBuildFile; fileRef = 47B46B1D2AF7D2FA00DC0958 /* ColorExtension.swift */; };
/* End PBXBuildFile section */

/* Begin PBXFileReference section */
		477638322AFA32FB0090B539 /* ParkingStatusTableViewCell.swift */ = {isa = PBXFileReference; lastKnownFileType = sourcecode.swift; path = ParkingStatusTableViewCell.swift; sourceTree = "<group>"; };
		477638362AFE119F0090B539 /* LabelListStackView.swift */ = {isa = PBXFileReference; fileEncoding = 4; lastKnownFileType = sourcecode.swift; name = LabelListStackView.swift; path = "../../../../../../Desktop/ServiceAreaParkingLotStatus-develop/ServiceAreaParkingStatus/Presentation/Main/CustomView/LabelListStackView.swift"; sourceTree = "<group>"; };
		477CAEE22AD3E8F600470F0F /* CarCountCollectionViewCell.swift */ = {isa = PBXFileReference; fileEncoding = 4; lastKnownFileType = sourcecode.swift; path = CarCountCollectionViewCell.swift; sourceTree = "<group>"; };
		477CAEE32AD3E8F600470F0F /* CarCountCollectionViewFlowLayout.swift */ = {isa = PBXFileReference; fileEncoding = 4; lastKnownFileType = sourcecode.swift; path = CarCountCollectionViewFlowLayout.swift; sourceTree = "<group>"; };
		477CAEE72AD3F6BA00470F0F /* SearchViewController.swift */ = {isa = PBXFileReference; lastKnownFileType = sourcecode.swift; path = SearchViewController.swift; sourceTree = "<group>"; };
		477CAEEA2AD400B200470F0F /* SettingViewController.swift */ = {isa = PBXFileReference; lastKnownFileType = sourcecode.swift; path = SettingViewController.swift; sourceTree = "<group>"; };
		477CAEEF2AD538F600470F0F /* NearAreaCollectionViewCell.swift */ = {isa = PBXFileReference; lastKnownFileType = sourcecode.swift; path = NearAreaCollectionViewCell.swift; sourceTree = "<group>"; };
		477CAEFA2AD80EE000470F0F /* SearchResultsController.swift */ = {isa = PBXFileReference; fileEncoding = 4; lastKnownFileType = sourcecode.swift; path = SearchResultsController.swift; sourceTree = "<group>"; };
		478750022AB9B086003E7F6A /* ServiceAreaParkingStatus.app */ = {isa = PBXFileReference; explicitFileType = wrapper.application; includeInIndex = 0; path = ServiceAreaParkingStatus.app; sourceTree = BUILT_PRODUCTS_DIR; };
		478750072AB9B086003E7F6A /* SceneDelegate.swift */ = {isa = PBXFileReference; lastKnownFileType = sourcecode.swift; path = SceneDelegate.swift; sourceTree = "<group>"; };
		478750132AB9B086003E7F6A /* Info.plist */ = {isa = PBXFileReference; lastKnownFileType = text.plist.xml; path = Info.plist; sourceTree = "<group>"; };
		478750292ABC8232003E7F6A /* ParkingManager.swift */ = {isa = PBXFileReference; lastKnownFileType = sourcecode.swift; path = ParkingManager.swift; sourceTree = "<group>"; };
		4787502B2ABC8E74003E7F6A /* ParkingData.swift */ = {isa = PBXFileReference; lastKnownFileType = sourcecode.swift; path = ParkingData.swift; sourceTree = "<group>"; };
		4787502F2ABEE291003E7F6A /* ViewController.swift */ = {isa = PBXFileReference; fileEncoding = 4; lastKnownFileType = sourcecode.swift; path = ViewController.swift; sourceTree = "<group>"; };
		478750322ABEE29C003E7F6A /* SearchBar.swift */ = {isa = PBXFileReference; fileEncoding = 4; lastKnownFileType = sourcecode.swift; path = SearchBar.swift; sourceTree = "<group>"; };
		478750352ABEE34A003E7F6A /* LaunchScreen.storyboard */ = {isa = PBXFileReference; fileEncoding = 4; lastKnownFileType = file.storyboard; path = LaunchScreen.storyboard; sourceTree = "<group>"; };
		478750372ABEE5FF003E7F6A /* Assets.xcassets */ = {isa = PBXFileReference; lastKnownFileType = folder.assetcatalog; path = Assets.xcassets; sourceTree = "<group>"; };
		4787503C2AC02A19003E7F6A /* CarCountView.swift */ = {isa = PBXFileReference; lastKnownFileType = sourcecode.swift; path = CarCountView.swift; sourceTree = "<group>"; };
		4787503E2AC03636003E7F6A /* Car.swift */ = {isa = PBXFileReference; lastKnownFileType = sourcecode.swift; path = Car.swift; sourceTree = "<group>"; };
		478750442AC0964C003E7F6A /* ParkingInfo.plist */ = {isa = PBXFileReference; lastKnownFileType = text.plist.xml; path = ParkingInfo.plist; sourceTree = "<group>"; };
		478750472AC096DD003E7F6A /* ServiceAreaParkingStatus++Bundle.swift */ = {isa = PBXFileReference; lastKnownFileType = sourcecode.swift; path = "ServiceAreaParkingStatus++Bundle.swift"; sourceTree = "<group>"; };
		47B0C1092ACD5F0600F27E41 /* AppDelegate.swift */ = {isa = PBXFileReference; fileEncoding = 4; lastKnownFileType = sourcecode.swift; path = AppDelegate.swift; sourceTree = "<group>"; };
		47B46B1D2AF7D2FA00DC0958 /* ColorExtension.swift */ = {isa = PBXFileReference; lastKnownFileType = sourcecode.swift; path = ColorExtension.swift; sourceTree = "<group>"; };
/* End PBXFileReference section */

/* Begin PBXFrameworksBuildPhase section */
		47874FFF2AB9B086003E7F6A /* Frameworks */ = {
			isa = PBXFrameworksBuildPhase;
			buildActionMask = 2147483647;
			files = (
				4787503B2ABEF1B3003E7F6A /* SnapKit in Frameworks */,
			);
			runOnlyForDeploymentPostprocessing = 0;
		};
/* End PBXFrameworksBuildPhase section */

/* Begin PBXGroup section */
		477CAEE62AD3F68400470F0F /* Search */ = {
			isa = PBXGroup;
			children = (
				477CAEE72AD3F6BA00470F0F /* SearchViewController.swift */,
			);
			path = Search;
			sourceTree = "<group>";
		};
		477CAEE92AD400A600470F0F /* Setting */ = {
			isa = PBXGroup;
			children = (
				477CAEEA2AD400B200470F0F /* SettingViewController.swift */,
			);
			path = Setting;
			sourceTree = "<group>";
		};
		477CAEF72AD80C3A00470F0F /* CustomView */ = {
			isa = PBXGroup;
			children = (
				477638362AFE119F0090B539 /* LabelListStackView.swift */,
				477CAEEF2AD538F600470F0F /* NearAreaCollectionViewCell.swift */,
				477638322AFA32FB0090B539 /* ParkingStatusTableViewCell.swift */,
			);
			path = CustomView;
			sourceTree = "<group>";
		};
		47874FF92AB9B086003E7F6A = {
			isa = PBXGroup;
			children = (
				478750042AB9B086003E7F6A /* ServiceAreaParkingStatus */,
				478750032AB9B086003E7F6A /* Products */,
			);
			sourceTree = "<group>";
		};
		478750032AB9B086003E7F6A /* Products */ = {
			isa = PBXGroup;
			children = (
				478750022AB9B086003E7F6A /* ServiceAreaParkingStatus.app */,
			);
			name = Products;
			sourceTree = "<group>";
		};
		478750042AB9B086003E7F6A /* ServiceAreaParkingStatus */ = {
			isa = PBXGroup;
			children = (
				478750132AB9B086003E7F6A /* Info.plist */,
				478750192AB9C301003E7F6A /* Application */,
				4787501A2AB9C326003E7F6A /* Presentation */,
				478750342ABEE2B2003E7F6A /* Resources */,
				478750282ABC821B003E7F6A /* UseCase */,
			);
			path = ServiceAreaParkingStatus;
			sourceTree = "<group>";
		};
		478750192AB9C301003E7F6A /* Application */ = {
			isa = PBXGroup;
			children = (
				47B0C1092ACD5F0600F27E41 /* AppDelegate.swift */,
				478750072AB9B086003E7F6A /* SceneDelegate.swift */,
			);
			path = Application;
			sourceTree = "<group>";
		};
		4787501A2AB9C326003E7F6A /* Presentation */ = {
			isa = PBXGroup;
			children = (
				478750312ABEE29C003E7F6A /* Common */,
				4787502E2ABEE291003E7F6A /* Main */,
				477CAEE62AD3F68400470F0F /* Search */,
				477CAEE92AD400A600470F0F /* Setting */,
			);
			path = Presentation;
			sourceTree = "<group>";
		};
		478750282ABC821B003E7F6A /* UseCase */ = {
			isa = PBXGroup;
			children = (
				478750292ABC8232003E7F6A /* ParkingManager.swift */,
				4787502B2ABC8E74003E7F6A /* ParkingData.swift */,
				478750442AC0964C003E7F6A /* ParkingInfo.plist */,
				478750472AC096DD003E7F6A /* ServiceAreaParkingStatus++Bundle.swift */,
			);
			path = UseCase;
			sourceTree = "<group>";
		};
		4787502E2ABEE291003E7F6A /* Main */ = {
			isa = PBXGroup;
			children = (
				477CAEF72AD80C3A00470F0F /* CustomView */,
				4787502F2ABEE291003E7F6A /* ViewController.swift */,
				477CAEFA2AD80EE000470F0F /* SearchResultsController.swift */,
			);
			path = Main;
			sourceTree = "<group>";
		};
		478750312ABEE29C003E7F6A /* Common */ = {
			isa = PBXGroup;
			children = (
				478750322ABEE29C003E7F6A /* SearchBar.swift */,
				4787503C2AC02A19003E7F6A /* CarCountView.swift */,
				477CAEE22AD3E8F600470F0F /* CarCountCollectionViewCell.swift */,
				477CAEE32AD3E8F600470F0F /* CarCountCollectionViewFlowLayout.swift */,
				4787503E2AC03636003E7F6A /* Car.swift */,
			);
			path = Common;
			sourceTree = "<group>";
		};
		478750342ABEE2B2003E7F6A /* Resources */ = {
			isa = PBXGroup;
			children = (
				478750372ABEE5FF003E7F6A /* Assets.xcassets */,
				478750352ABEE34A003E7F6A /* LaunchScreen.storyboard */,
				47B46B1D2AF7D2FA00DC0958 /* ColorExtension.swift */,
			);
			path = Resources;
			sourceTree = "<group>";
		};
/* End PBXGroup section */

/* Begin PBXNativeTarget section */
		478750012AB9B086003E7F6A /* ServiceAreaParkingStatus */ = {
			isa = PBXNativeTarget;
			buildConfigurationList = 478750162AB9B086003E7F6A /* Build configuration list for PBXNativeTarget "ServiceAreaParkingStatus" */;
			buildPhases = (
				47874FFE2AB9B086003E7F6A /* Sources */,
				47874FFF2AB9B086003E7F6A /* Frameworks */,
				478750002AB9B086003E7F6A /* Resources */,
			);
			buildRules = (
			);
			dependencies = (
			);
			name = ServiceAreaParkingStatus;
			packageProductDependencies = (
				4787503A2ABEF1B3003E7F6A /* SnapKit */,
			);
			productName = ServiceAreaParkingStatus;
			productReference = 478750022AB9B086003E7F6A /* ServiceAreaParkingStatus.app */;
			productType = "com.apple.product-type.application";
		};
/* End PBXNativeTarget section */

/* Begin PBXProject section */
		47874FFA2AB9B086003E7F6A /* Project object */ = {
			isa = PBXProject;
			attributes = {
				BuildIndependentTargetsInParallel = 1;
				LastSwiftUpdateCheck = 1420;
				LastUpgradeCheck = 1420;
				TargetAttributes = {
					478750012AB9B086003E7F6A = {
						CreatedOnToolsVersion = 14.2;
					};
				};
			};
			buildConfigurationList = 47874FFD2AB9B086003E7F6A /* Build configuration list for PBXProject "ServiceAreaParkingStatus" */;
			compatibilityVersion = "Xcode 14.0";
			developmentRegion = en;
			hasScannedForEncodings = 0;
			knownRegions = (
				en,
				Base,
			);
			mainGroup = 47874FF92AB9B086003E7F6A;
			packageReferences = (
				478750392ABEF1B3003E7F6A /* XCRemoteSwiftPackageReference "SnapKit" */,
			);
			productRefGroup = 478750032AB9B086003E7F6A /* Products */;
			projectDirPath = "";
			projectRoot = "";
			targets = (
				478750012AB9B086003E7F6A /* ServiceAreaParkingStatus */,
			);
		};
/* End PBXProject section */

/* Begin PBXResourcesBuildPhase section */
		478750002AB9B086003E7F6A /* Resources */ = {
			isa = PBXResourcesBuildPhase;
			buildActionMask = 2147483647;
			files = (
				478750362ABEE34A003E7F6A /* LaunchScreen.storyboard in Resources */,
				478750382ABEE5FF003E7F6A /* Assets.xcassets in Resources */,
				478750452AC0964C003E7F6A /* ParkingInfo.plist in Resources */,
			);
			runOnlyForDeploymentPostprocessing = 0;
		};
/* End PBXResourcesBuildPhase section */

/* Begin PBXSourcesBuildPhase section */
		47874FFE2AB9B086003E7F6A /* Sources */ = {
			isa = PBXSourcesBuildPhase;
			buildActionMask = 2147483647;
			files = (
				477CAEFB2AD80EE000470F0F /* SearchResultsController.swift in Sources */,
				477CAEE52AD3E8F600470F0F /* CarCountCollectionViewFlowLayout.swift in Sources */,
				47B0C10A2ACD5F0600F27E41 /* AppDelegate.swift in Sources */,
				4787502C2ABC8E74003E7F6A /* ParkingData.swift in Sources */,
				477CAEEB2AD400B200470F0F /* SettingViewController.swift in Sources */,
				4787502A2ABC8232003E7F6A /* ParkingManager.swift in Sources */,
				47B46B1E2AF7D2FA00DC0958 /* ColorExtension.swift in Sources */,
				478750302ABEE291003E7F6A /* ViewController.swift in Sources */,
				477CAEF02AD538F600470F0F /* NearAreaCollectionViewCell.swift in Sources */,
				478750332ABEE29C003E7F6A /* SearchBar.swift in Sources */,
				477CAEE82AD3F6BA00470F0F /* SearchViewController.swift in Sources */,
				4787503F2AC03636003E7F6A /* Car.swift in Sources */,
				477638372AFE119F0090B539 /* LabelListStackView.swift in Sources */,
				477CAEE42AD3E8F600470F0F /* CarCountCollectionViewCell.swift in Sources */,
				478750082AB9B086003E7F6A /* SceneDelegate.swift in Sources */,
				4787503D2AC02A19003E7F6A /* CarCountView.swift in Sources */,
				477638332AFA32FB0090B539 /* ParkingStatusTableViewCell.swift in Sources */,
				478750482AC096DD003E7F6A /* ServiceAreaParkingStatus++Bundle.swift in Sources */,
			);
			runOnlyForDeploymentPostprocessing = 0;
		};
/* End PBXSourcesBuildPhase section */

/* Begin XCBuildConfiguration section */
		478750142AB9B086003E7F6A /* Debug */ = {
			isa = XCBuildConfiguration;
			buildSettings = {
				ALWAYS_SEARCH_USER_PATHS = NO;
				CLANG_ANALYZER_NONNULL = YES;
				CLANG_ANALYZER_NUMBER_OBJECT_CONVERSION = YES_AGGRESSIVE;
				CLANG_CXX_LANGUAGE_STANDARD = "gnu++20";
				CLANG_ENABLE_MODULES = YES;
				CLANG_ENABLE_OBJC_ARC = YES;
				CLANG_ENABLE_OBJC_WEAK = YES;
				CLANG_WARN_BLOCK_CAPTURE_AUTORELEASING = YES;
				CLANG_WARN_BOOL_CONVERSION = YES;
				CLANG_WARN_COMMA = YES;
				CLANG_WARN_CONSTANT_CONVERSION = YES;
				CLANG_WARN_DEPRECATED_OBJC_IMPLEMENTATIONS = YES;
				CLANG_WARN_DIRECT_OBJC_ISA_USAGE = YES_ERROR;
				CLANG_WARN_DOCUMENTATION_COMMENTS = YES;
				CLANG_WARN_EMPTY_BODY = YES;
				CLANG_WARN_ENUM_CONVERSION = YES;
				CLANG_WARN_INFINITE_RECURSION = YES;
				CLANG_WARN_INT_CONVERSION = YES;
				CLANG_WARN_NON_LITERAL_NULL_CONVERSION = YES;
				CLANG_WARN_OBJC_IMPLICIT_RETAIN_SELF = YES;
				CLANG_WARN_OBJC_LITERAL_CONVERSION = YES;
				CLANG_WARN_OBJC_ROOT_CLASS = YES_ERROR;
				CLANG_WARN_QUOTED_INCLUDE_IN_FRAMEWORK_HEADER = YES;
				CLANG_WARN_RANGE_LOOP_ANALYSIS = YES;
				CLANG_WARN_STRICT_PROTOTYPES = YES;
				CLANG_WARN_SUSPICIOUS_MOVE = YES;
				CLANG_WARN_UNGUARDED_AVAILABILITY = YES_AGGRESSIVE;
				CLANG_WARN_UNREACHABLE_CODE = YES;
				CLANG_WARN__DUPLICATE_METHOD_MATCH = YES;
				COPY_PHASE_STRIP = NO;
				DEBUG_INFORMATION_FORMAT = dwarf;
				ENABLE_STRICT_OBJC_MSGSEND = YES;
				ENABLE_TESTABILITY = YES;
				GCC_C_LANGUAGE_STANDARD = gnu11;
				GCC_DYNAMIC_NO_PIC = NO;
				GCC_NO_COMMON_BLOCKS = YES;
				GCC_OPTIMIZATION_LEVEL = 0;
				GCC_PREPROCESSOR_DEFINITIONS = (
					"DEBUG=1",
					"$(inherited)",
				);
				GCC_WARN_64_TO_32_BIT_CONVERSION = YES;
				GCC_WARN_ABOUT_RETURN_TYPE = YES_ERROR;
				GCC_WARN_UNDECLARED_SELECTOR = YES;
				GCC_WARN_UNINITIALIZED_AUTOS = YES_AGGRESSIVE;
				GCC_WARN_UNUSED_FUNCTION = YES;
				GCC_WARN_UNUSED_VARIABLE = YES;
				IPHONEOS_DEPLOYMENT_TARGET = 14.0;
				MTL_ENABLE_DEBUG_INFO = INCLUDE_SOURCE;
				MTL_FAST_MATH = YES;
				ONLY_ACTIVE_ARCH = YES;
				SDKROOT = iphoneos;
				SWIFT_ACTIVE_COMPILATION_CONDITIONS = DEBUG;
				SWIFT_OPTIMIZATION_LEVEL = "-Onone";
			};
			name = Debug;
		};
		478750152AB9B086003E7F6A /* Release */ = {
			isa = XCBuildConfiguration;
			buildSettings = {
				ALWAYS_SEARCH_USER_PATHS = NO;
				CLANG_ANALYZER_NONNULL = YES;
				CLANG_ANALYZER_NUMBER_OBJECT_CONVERSION = YES_AGGRESSIVE;
				CLANG_CXX_LANGUAGE_STANDARD = "gnu++20";
				CLANG_ENABLE_MODULES = YES;
				CLANG_ENABLE_OBJC_ARC = YES;
				CLANG_ENABLE_OBJC_WEAK = YES;
				CLANG_WARN_BLOCK_CAPTURE_AUTORELEASING = YES;
				CLANG_WARN_BOOL_CONVERSION = YES;
				CLANG_WARN_COMMA = YES;
				CLANG_WARN_CONSTANT_CONVERSION = YES;
				CLANG_WARN_DEPRECATED_OBJC_IMPLEMENTATIONS = YES;
				CLANG_WARN_DIRECT_OBJC_ISA_USAGE = YES_ERROR;
				CLANG_WARN_DOCUMENTATION_COMMENTS = YES;
				CLANG_WARN_EMPTY_BODY = YES;
				CLANG_WARN_ENUM_CONVERSION = YES;
				CLANG_WARN_INFINITE_RECURSION = YES;
				CLANG_WARN_INT_CONVERSION = YES;
				CLANG_WARN_NON_LITERAL_NULL_CONVERSION = YES;
				CLANG_WARN_OBJC_IMPLICIT_RETAIN_SELF = YES;
				CLANG_WARN_OBJC_LITERAL_CONVERSION = YES;
				CLANG_WARN_OBJC_ROOT_CLASS = YES_ERROR;
				CLANG_WARN_QUOTED_INCLUDE_IN_FRAMEWORK_HEADER = YES;
				CLANG_WARN_RANGE_LOOP_ANALYSIS = YES;
				CLANG_WARN_STRICT_PROTOTYPES = YES;
				CLANG_WARN_SUSPICIOUS_MOVE = YES;
				CLANG_WARN_UNGUARDED_AVAILABILITY = YES_AGGRESSIVE;
				CLANG_WARN_UNREACHABLE_CODE = YES;
				CLANG_WARN__DUPLICATE_METHOD_MATCH = YES;
				COPY_PHASE_STRIP = NO;
				DEBUG_INFORMATION_FORMAT = "dwarf-with-dsym";
				ENABLE_NS_ASSERTIONS = NO;
				ENABLE_STRICT_OBJC_MSGSEND = YES;
				GCC_C_LANGUAGE_STANDARD = gnu11;
				GCC_NO_COMMON_BLOCKS = YES;
				GCC_WARN_64_TO_32_BIT_CONVERSION = YES;
				GCC_WARN_ABOUT_RETURN_TYPE = YES_ERROR;
				GCC_WARN_UNDECLARED_SELECTOR = YES;
				GCC_WARN_UNINITIALIZED_AUTOS = YES_AGGRESSIVE;
				GCC_WARN_UNUSED_FUNCTION = YES;
				GCC_WARN_UNUSED_VARIABLE = YES;
				IPHONEOS_DEPLOYMENT_TARGET = 14.0;
				MTL_ENABLE_DEBUG_INFO = NO;
				MTL_FAST_MATH = YES;
				SDKROOT = iphoneos;
				SWIFT_COMPILATION_MODE = wholemodule;
				SWIFT_OPTIMIZATION_LEVEL = "-O";
				VALIDATE_PRODUCT = YES;
			};
			name = Release;
		};
		478750172AB9B086003E7F6A /* Debug */ = {
			isa = XCBuildConfiguration;
			buildSettings = {
				ASSETCATALOG_COMPILER_APPICON_NAME = AppIcon;
				ASSETCATALOG_COMPILER_GLOBAL_ACCENT_COLOR_NAME = AccentColor;
				CODE_SIGN_STYLE = Automatic;
				CURRENT_PROJECT_VERSION = 1;
				DEVELOPMENT_TEAM = MA5KYZD992;
				GENERATE_INFOPLIST_FILE = YES;
				INFOPLIST_FILE = ServiceAreaParkingStatus/Info.plist;
				INFOPLIST_KEY_UIApplicationSupportsIndirectInputEvents = YES;
				INFOPLIST_KEY_UILaunchStoryboardName = LaunchScreen;
				INFOPLIST_KEY_UISupportedInterfaceOrientations_iPad = "UIInterfaceOrientationPortrait UIInterfaceOrientationPortraitUpsideDown UIInterfaceOrientationLandscapeLeft UIInterfaceOrientationLandscapeRight";
				INFOPLIST_KEY_UISupportedInterfaceOrientations_iPhone = "UIInterfaceOrientationPortrait UIInterfaceOrientationLandscapeLeft UIInterfaceOrientationLandscapeRight";
				IPHONEOS_DEPLOYMENT_TARGET = 14.0;
				LD_RUNPATH_SEARCH_PATHS = (
					"$(inherited)",
					"@executable_path/Frameworks",
				);
				MARKETING_VERSION = 1.0;
				PRODUCT_BUNDLE_IDENTIFIER = com.aldalddl.ServiceAreaParkingStatus;
				PRODUCT_NAME = "$(TARGET_NAME)";
				SUPPORTED_PLATFORMS = "iphoneos iphonesimulator";
				SUPPORTS_MACCATALYST = NO;
				SUPPORTS_MAC_DESIGNED_FOR_IPHONE_IPAD = NO;
				SWIFT_EMIT_LOC_STRINGS = YES;
				SWIFT_VERSION = 5.0;
				TARGETED_DEVICE_FAMILY = 1;
			};
			name = Debug;
		};
		478750182AB9B086003E7F6A /* Release */ = {
			isa = XCBuildConfiguration;
			buildSettings = {
				ASSETCATALOG_COMPILER_APPICON_NAME = AppIcon;
				ASSETCATALOG_COMPILER_GLOBAL_ACCENT_COLOR_NAME = AccentColor;
				CODE_SIGN_STYLE = Automatic;
				CURRENT_PROJECT_VERSION = 1;
				DEVELOPMENT_TEAM = MA5KYZD992;
				GENERATE_INFOPLIST_FILE = YES;
				INFOPLIST_FILE = ServiceAreaParkingStatus/Info.plist;
				INFOPLIST_KEY_UIApplicationSupportsIndirectInputEvents = YES;
				INFOPLIST_KEY_UILaunchStoryboardName = LaunchScreen;
				INFOPLIST_KEY_UISupportedInterfaceOrientations_iPad = "UIInterfaceOrientationPortrait UIInterfaceOrientationPortraitUpsideDown UIInterfaceOrientationLandscapeLeft UIInterfaceOrientationLandscapeRight";
				INFOPLIST_KEY_UISupportedInterfaceOrientations_iPhone = "UIInterfaceOrientationPortrait UIInterfaceOrientationLandscapeLeft UIInterfaceOrientationLandscapeRight";
				IPHONEOS_DEPLOYMENT_TARGET = 14.0;
				LD_RUNPATH_SEARCH_PATHS = (
					"$(inherited)",
					"@executable_path/Frameworks",
				);
				MARKETING_VERSION = 1.0;
				PRODUCT_BUNDLE_IDENTIFIER = com.aldalddl.ServiceAreaParkingStatus;
				PRODUCT_NAME = "$(TARGET_NAME)";
				SUPPORTED_PLATFORMS = "iphoneos iphonesimulator";
				SUPPORTS_MACCATALYST = NO;
				SUPPORTS_MAC_DESIGNED_FOR_IPHONE_IPAD = NO;
				SWIFT_EMIT_LOC_STRINGS = YES;
				SWIFT_VERSION = 5.0;
				TARGETED_DEVICE_FAMILY = 1;
			};
			name = Release;
		};
/* End XCBuildConfiguration section */

/* Begin XCConfigurationList section */
		47874FFD2AB9B086003E7F6A /* Build configuration list for PBXProject "ServiceAreaParkingStatus" */ = {
			isa = XCConfigurationList;
			buildConfigurations = (
				478750142AB9B086003E7F6A /* Debug */,
				478750152AB9B086003E7F6A /* Release */,
			);
			defaultConfigurationIsVisible = 0;
			defaultConfigurationName = Release;
		};
		478750162AB9B086003E7F6A /* Build configuration list for PBXNativeTarget "ServiceAreaParkingStatus" */ = {
			isa = XCConfigurationList;
			buildConfigurations = (
				478750172AB9B086003E7F6A /* Debug */,
				478750182AB9B086003E7F6A /* Release */,
			);
			defaultConfigurationIsVisible = 0;
			defaultConfigurationName = Release;
		};
/* End XCConfigurationList section */

/* Begin XCRemoteSwiftPackageReference section */
		478750392ABEF1B3003E7F6A /* XCRemoteSwiftPackageReference "SnapKit" */ = {
			isa = XCRemoteSwiftPackageReference;
			repositoryURL = "https://github.com/SnapKit/SnapKit";
			requirement = {
				kind = upToNextMajorVersion;
				minimumVersion = 5.0.0;
			};
		};
/* End XCRemoteSwiftPackageReference section */

/* Begin XCSwiftPackageProductDependency section */
		4787503A2ABEF1B3003E7F6A /* SnapKit */ = {
			isa = XCSwiftPackageProductDependency;
			package = 478750392ABEF1B3003E7F6A /* XCRemoteSwiftPackageReference "SnapKit" */;
			productName = SnapKit;
		};
/* End XCSwiftPackageProductDependency section */
	};
	rootObject = 47874FFA2AB9B086003E7F6A /* Project object */;
}
